
Microsoft Visual Studio Solution File, Format Version 12.00
# Visual Studio Version 17
VisualStudioVersion = 17.8.34322.80
MinimumVisualStudioVersion = 10.0.40219.1
Project("{FAE04EC0-301F-11D3-BF4B-00C04F79EFBC}") = "JeqDB-Converter", "JeqDB-Converter\JeqDB-Converter.csproj", "{430B5D05-CFD2-4F5B-8437-52DD809CD0E2}"
EndProject
Global
	GlobalSection(SolutionConfigurationPlatforms) = preSolution
		Debug|Any CPU = Debug|Any CPU
		Release|Any CPU = Release|Any CPU
	EndGlobalSection
	GlobalSection(ProjectConfigurationPlatforms) = postSolution
		{430B5D05-CFD2-4F5B-8437-52DD809CD0E2}.Debug|Any CPU.ActiveCfg = Debug|Any CPU
		{430B5D05-CFD2-4F5B-8437-52DD809CD0E2}.Debug|Any CPU.Build.0 = Debug|Any CPU
		{430B5D05-CFD2-4F5B-8437-52DD809CD0E2}.Release|Any CPU.ActiveCfg = Release|Any CPU
		{430B5D05-CFD2-4F5B-8437-52DD809CD0E2}.Release|Any CPU.Build.0 = Release|Any CPU
	EndGlobalSection
	GlobalSection(SolutionProperties) = preSolution
		HideSolutionNode = FALSE
	EndGlobalSection
	GlobalSection(ExtensibilityGlobals) = postSolution
		SolutionGuid = {FAA3783D-84CC-4226-B550-7458510874FE}
	EndGlobalSection
EndGlobal
